// !$*UTF8*$!
{
	archiveVersion = 1;
	classes = {
	};
	objectVersion = 50;
	objects = {

/* Begin PBXBuildFile section */
		CB8843A9245481C2007383AA /* AppDelegate.swift in Sources */ = {isa = PBXBuildFile; fileRef = CB8843A8245481C2007383AA /* AppDelegate.swift */; };
		CB8843AB245481C2007383AA /* SceneDelegate.swift in Sources */ = {isa = PBXBuildFile; fileRef = CB8843AA245481C2007383AA /* SceneDelegate.swift */; };
		CB8843AD245481C2007383AA /* ViewController.swift in Sources */ = {isa = PBXBuildFile; fileRef = CB8843AC245481C2007383AA /* ViewController.swift */; };
		CB8843B0245481C2007383AA /* Main.storyboard in Resources */ = {isa = PBXBuildFile; fileRef = CB8843AE245481C2007383AA /* Main.storyboard */; };
		CB8843B2245481C3007383AA /* Assets.xcassets in Resources */ = {isa = PBXBuildFile; fileRef = CB8843B1245481C3007383AA /* Assets.xcassets */; };
		CB8843B5245481C3007383AA /* LaunchScreen.storyboard in Resources */ = {isa = PBXBuildFile; fileRef = CB8843B3245481C3007383AA /* LaunchScreen.storyboard */; };
		CB8843BD2454835E007383AA /* Student.swift in Sources */ = {isa = PBXBuildFile; fileRef = CB8843BC2454835E007383AA /* Student.swift */; };
		CB8843BF245484F8007383AA /* CustomTableViewCell.swift in Sources */ = {isa = PBXBuildFile; fileRef = CB8843BE245484F8007383AA /* CustomTableViewCell.swift */; };
/* End PBXBuildFile section */

/* Begin PBXFileReference section */
		CB8843A5245481C2007383AA /* iOSProofs_MVC_Sample.app */ = {isa = PBXFileReference; explicitFileType = wrapper.application; includeInIndex = 0; path = iOSProofs_MVC_Sample.app; sourceTree = BUILT_PRODUCTS_DIR; };
		CB8843A8245481C2007383AA /* AppDelegate.swift */ = {isa = PBXFileReference; lastKnownFileType = sourcecode.swift; path = AppDelegate.swift; sourceTree = "<group>"; };
		CB8843AA245481C2007383AA /* SceneDelegate.swift */ = {isa = PBXFileReference; lastKnownFileType = sourcecode.swift; path = SceneDelegate.swift; sourceTree = "<group>"; };
		CB8843AC245481C2007383AA /* ViewController.swift */ = {isa = PBXFileReference; lastKnownFileType = sourcecode.swift; path = ViewController.swift; sourceTree = "<group>"; };
		CB8843AF245481C2007383AA /* Base */ = {isa = PBXFileReference; lastKnownFileType = file.storyboard; name = Base; path = Base.lproj/Main.storyboard; sourceTree = "<group>"; };
		CB8843B1245481C3007383AA /* Assets.xcassets */ = {isa = PBXFileReference; lastKnownFileType = folder.assetcatalog; path = Assets.xcassets; sourceTree = "<group>"; };
		CB8843B4245481C3007383AA /* Base */ = {isa = PBXFileReference; lastKnownFileType = file.storyboard; name = Base; path = Base.lproj/LaunchScreen.storyboard; sourceTree = "<group>"; };
		CB8843B6245481C3007383AA /* Info.plist */ = {isa = PBXFileReference; lastKnownFileType = text.plist.xml; path = Info.plist; sourceTree = "<group>"; };
		CB8843BC2454835E007383AA /* Student.swift */ = {isa = PBXFileReference; lastKnownFileType = sourcecode.swift; path = Student.swift; sourceTree = "<group>"; };
		CB8843BE245484F8007383AA /* CustomTableViewCell.swift */ = {isa = PBXFileReference; lastKnownFileType = sourcecode.swift; path = CustomTableViewCell.swift; sourceTree = "<group>"; };
/* End PBXFileReference section */

/* Begin PBXFrameworksBuildPhase section */
		CB8843A2245481C2007383AA /* Frameworks */ = {
			isa = PBXFrameworksBuildPhase;
			buildActionMask = 2147483647;
			files = (
			);
			runOnlyForDeploymentPostprocessing = 0;
		};
/* End PBXFrameworksBuildPhase section */

/* Begin PBXGroup section */
		CB88439C245481C2007383AA = {
			isa = PBXGroup;
			children = (
				CB8843A7245481C2007383AA /* iOSProofs_MVC_Sample */,
				CB8843A6245481C2007383AA /* Products */,
			);
			sourceTree = "<group>";
		};
		CB8843A6245481C2007383AA /* Products */ = {
			isa = PBXGroup;
			children = (
				CB8843A5245481C2007383AA /* iOSProofs_MVC_Sample.app */,
			);
			name = Products;
			sourceTree = "<group>";
		};
		CB8843A7245481C2007383AA /* iOSProofs_MVC_Sample */ = {
			isa = PBXGroup;
			children = (
				CB8843A8245481C2007383AA /* AppDelegate.swift */,
				CB8843AA245481C2007383AA /* SceneDelegate.swift */,
				CB8843AC245481C2007383AA /* ViewController.swift */,
				CB8843BE245484F8007383AA /* CustomTableViewCell.swift */,
				CB8843BC2454835E007383AA /* Student.swift */,
				CB8843AE245481C2007383AA /* Main.storyboard */,
				CB8843B1245481C3007383AA /* Assets.xcassets */,
				CB8843B3245481C3007383AA /* LaunchScreen.storyboard */,
				CB8843B6245481C3007383AA /* Info.plist */,
			);
			path = iOSProofs_MVC_Sample;
			sourceTree = "<group>";
		};
/* End PBXGroup section */

/* Begin PBXNativeTarget section */
		CB8843A4245481C2007383AA /* iOSProofs_MVC_Sample */ = {
			isa = PBXNativeTarget;
			buildConfigurationList = CB8843B9245481C3007383AA /* Build configuration list for PBXNativeTarget "iOSProofs_MVC_Sample" */;
			buildPhases = (
				CB8843A1245481C2007383AA /* Sources */,
				CB8843A2245481C2007383AA /* Frameworks */,
				CB8843A3245481C2007383AA /* Resources */,
			);
			buildRules = (
			);
			dependencies = (
			);
			name = iOSProofs_MVC_Sample;
			productName = iOSProofs_MVC_Sample;
			productReference = CB8843A5245481C2007383AA /* iOSProofs_MVC_Sample.app */;
			productType = "com.apple.product-type.application";
		};
/* End PBXNativeTarget section */

/* Begin PBXProject section */
		CB88439D245481C2007383AA /* Project object */ = {
			isa = PBXProject;
			attributes = {
				LastSwiftUpdateCheck = 1140;
				LastUpgradeCheck = 1140;
				ORGANIZATIONNAME = "Nikhil Balne";
				TargetAttributes = {
					CB8843A4245481C2007383AA = {
						CreatedOnToolsVersion = 11.4;
					};
				};
			};
			buildConfigurationList = CB8843A0245481C2007383AA /* Build configuration list for PBXProject "iOSProofs_MVC_Sample" */;
			compatibilityVersion = "Xcode 9.3";
			developmentRegion = en;
			hasScannedForEncodings = 0;
			knownRegions = (
				en,
				Base,
			);
			mainGroup = CB88439C245481C2007383AA;
			productRefGroup = CB8843A6245481C2007383AA /* Products */;
			projectDirPath = "";
			projectRoot = "";
			targets = (
				CB8843A4245481C2007383AA /* iOSProofs_MVC_Sample */,
			);
		};
/* End PBXProject section */

/* Begin PBXResourcesBuildPhase section */
		CB8843A3245481C2007383AA /* Resources */ = {
			isa = PBXResourcesBuildPhase;
			buildActionMask = 2147483647;
			files = (
				CB8843B5245481C3007383AA /* LaunchScreen.storyboard in Resources */,
				CB8843B2245481C3007383AA /* Assets.xcassets in Resources */,
				CB8843B0245481C2007383AA /* Main.storyboard in Resources */,
			);
			runOnlyForDeploymentPostprocessing = 0;
		};
/* End PBXResourcesBuildPhase section */

/* Begin PBXSourcesBuildPhase section */
		CB8843A1245481C2007383AA /* Sources */ = {
			isa = PBXSourcesBuildPhase;
			buildActionMask = 2147483647;
			files = (
				CB8843AD245481C2007383AA /* ViewController.swift in Sources */,
				CB8843BF245484F8007383AA /* CustomTableViewCell.swift in Sources */,
				CB8843A9245481C2007383AA /* AppDelegate.swift in Sources */,
				CB8843AB245481C2007383AA /* SceneDelegate.swift in Sources */,
				CB8843BD2454835E007383AA /* Student.swift in Sources */,
			);
			runOnlyForDeploymentPostprocessing = 0;
		};
/* End PBXSourcesBuildPhase section */

/* Begin PBXVariantGroup section */
		CB8843AE245481C2007383AA /* Main.storyboard */ = {
			isa = PBXVariantGroup;
			children = (
				CB8843AF245481C2007383AA /* Base */,
			);
			name = Main.storyboard;
			sourceTree = "<group>";
		};
		CB8843B3245481C3007383AA /* LaunchScreen.storyboard */ = {
			isa = PBXVariantGroup;
			children = (
				CB8843B4245481C3007383AA /* Base */,
			);
			name = LaunchScreen.storyboard;
			sourceTree = "<group>";
		};
/* End PBXVariantGroup section */

/* Begin XCBuildConfiguration section */
		CB8843B7245481C3007383AA /* Debug */ = {
			isa = XCBuildConfiguration;
			buildSettings = {
				ALWAYS_SEARCH_USER_PATHS = NO;
				CLANG_ANALYZER_NONNULL = YES;
				CLANG_ANALYZER_NUMBER_OBJECT_CONVERSION = YES_AGGRESSIVE;
				CLANG_CXX_LANGUAGE_STANDARD = "gnu++14";
				CLANG_CXX_LIBRARY = "libc++";
				CLANG_ENABLE_MODULES = YES;
				CLANG_ENABLE_OBJC_ARC = YES;
				CLANG_ENABLE_OBJC_WEAK = YES;
				CLANG_WARN_BLOCK_CAPTURE_AUTORELEASING = YES;
				CLANG_WARN_BOOL_CONVERSION = YES;
				CLANG_WARN_COMMA = YES;
				CLANG_WARN_CONSTANT_CONVERSION = YES;
				CLANG_WARN_DEPRECATED_OBJC_IMPLEMENTATIONS = YES;
				CLANG_WARN_DIRECT_OBJC_ISA_USAGE = YES_ERROR;
				CLANG_WARN_DOCUMENTATION_COMMENTS = YES;
				CLANG_WARN_EMPTY_BODY = YES;
				CLANG_WARN_ENUM_CONVERSION = YES;
				CLANG_WARN_INFINITE_RECURSION = YES;
				CLANG_WARN_INT_CONVERSION = YES;
				CLANG_WARN_NON_LITERAL_NULL_CONVERSION = YES;
				CLANG_WARN_OBJC_IMPLICIT_RETAIN_SELF = YES;
				CLANG_WARN_OBJC_LITERAL_CONVERSION = YES;
				CLANG_WARN_OBJC_ROOT_CLASS = YES_ERROR;
				CLANG_WARN_RANGE_LOOP_ANALYSIS = YES;
				CLANG_WARN_STRICT_PROTOTYPES = YES;
				CLANG_WARN_SUSPICIOUS_MOVE = YES;
				CLANG_WARN_UNGUARDED_AVAILABILITY = YES_AGGRESSIVE;
				CLANG_WARN_UNREACHABLE_CODE = YES;
				CLANG_WARN__DUPLICATE_METHOD_MATCH = YES;
				COPY_PHASE_STRIP = NO;
				DEBUG_INFORMATION_FORMAT = dwarf;
				ENABLE_STRICT_OBJC_MSGSEND = YES;
				ENABLE_TESTABILITY = YES;
				GCC_C_LANGUAGE_STANDARD = gnu11;
				GCC_DYNAMIC_NO_PIC = NO;
				GCC_NO_COMMON_BLOCKS = YES;
				GCC_OPTIMIZATION_LEVEL = 0;
				GCC_PREPROCESSOR_DEFINITIONS = (
					"DEBUG=1",
					"$(inherited)",
				);
				GCC_WARN_64_TO_32_BIT_CONVERSION = YES;
				GCC_WARN_ABOUT_RETURN_TYPE = YES_ERROR;
				GCC_WARN_UNDECLARED_SELECTOR = YES;
				GCC_WARN_UNINITIALIZED_AUTOS = YES_AGGRESSIVE;
				GCC_WARN_UNUSED_FUNCTION = YES;
				GCC_WARN_UNUSED_VARIABLE = YES;
				IPHONEOS_DEPLOYMENT_TARGET = 13.4;
				MTL_ENABLE_DEBUG_INFO = INCLUDE_SOURCE;
				MTL_FAST_MATH = YES;
				ONLY_ACTIVE_ARCH = YES;
				SDKROOT = iphoneos;
				SWIFT_ACTIVE_COMPILATION_CONDITIONS = DEBUG;
				SWIFT_OPTIMIZATION_LEVEL = "-Onone";
			};
			name = Debug;
		};
		CB8843B8245481C3007383AA /* Release */ = {
			isa = XCBuildConfiguration;
			buildSettings = {
				ALWAYS_SEARCH_USER_PATHS = NO;
				CLANG_ANALYZER_NONNULL = YES;
				CLANG_ANALYZER_NUMBER_OBJECT_CONVERSION = YES_AGGRESSIVE;
				CLANG_CXX_LANGUAGE_STANDARD = "gnu++14";
				CLANG_CXX_LIBRARY = "libc++";
				CLANG_ENABLE_MODULES = YES;
				CLANG_ENABLE_OBJC_ARC = YES;
				CLANG_ENABLE_OBJC_WEAK = YES;
				CLANG_WARN_BLOCK_CAPTURE_AUTORELEASING = YES;
				CLANG_WARN_BOOL_CONVERSION = YES;
				CLANG_WARN_COMMA = YES;
				CLANG_WARN_CONSTANT_CONVERSION = YES;
				CLANG_WARN_DEPRECATED_OBJC_IMPLEMENTATIONS = YES;
				CLANG_WARN_DIRECT_OBJC_ISA_USAGE = YES_ERROR;
				CLANG_WARN_DOCUMENTATION_COMMENTS = YES;
				CLANG_WARN_EMPTY_BODY = YES;
				CLANG_WARN_ENUM_CONVERSION = YES;
				CLANG_WARN_INFINITE_RECURSION = YES;
				CLANG_WARN_INT_CONVERSION = YES;
				CLANG_WARN_NON_LITERAL_NULL_CONVERSION = YES;
				CLANG_WARN_OBJC_IMPLICIT_RETAIN_SELF = YES;
				CLANG_WARN_OBJC_LITERAL_CONVERSION = YES;
				CLANG_WARN_OBJC_ROOT_CLASS = YES_ERROR;
				CLANG_WARN_RANGE_LOOP_ANALYSIS = YES;
				CLANG_WARN_STRICT_PROTOTYPES = YES;
				CLANG_WARN_SUSPICIOUS_MOVE = YES;
				CLANG_WARN_UNGUARDED_AVAILABILITY = YES_AGGRESSIVE;
				CLANG_WARN_UNREACHABLE_CODE = YES;
				CLANG_WARN__DUPLICATE_METHOD_MATCH = YES;
				COPY_PHASE_STRIP = NO;
				DEBUG_INFORMATION_FORMAT = "dwarf-with-dsym";
				ENABLE_NS_ASSERTIONS = NO;
				ENABLE_STRICT_OBJC_MSGSEND = YES;
				GCC_C_LANGUAGE_STANDARD = gnu11;
				GCC_NO_COMMON_BLOCKS = YES;
				GCC_WARN_64_TO_32_BIT_CONVERSION = YES;
				GCC_WARN_ABOUT_RETURN_TYPE = YES_ERROR;
				GCC_WARN_UNDECLARED_SELECTOR = YES;
				GCC_WARN_UNINITIALIZED_AUTOS = YES_AGGRESSIVE;
				GCC_WARN_UNUSED_FUNCTION = YES;
				GCC_WARN_UNUSED_VARIABLE = YES;
				IPHONEOS_DEPLOYMENT_TARGET = 13.4;
				MTL_ENABLE_DEBUG_INFO = NO;
				MTL_FAST_MATH = YES;
				SDKROOT = iphoneos;
				SWIFT_COMPILATION_MODE = wholemodule;
				SWIFT_OPTIMIZATION_LEVEL = "-O";
				VALIDATE_PRODUCT = YES;
			};
			name = Release;
		};
		CB8843BA245481C3007383AA /* Debug */ = {
			isa = XCBuildConfiguration;
			buildSettings = {
				ASSETCATALOG_COMPILER_APPICON_NAME = AppIcon;
				CODE_SIGN_STYLE = Automatic;
				INFOPLIST_FILE = iOSProofs_MVC_Sample/Info.plist;
				LD_RUNPATH_SEARCH_PATHS = (
					"$(inherited)",
					"@executable_path/Frameworks",
				);
				PRODUCT_BUNDLE_IDENTIFIER = "ihubtechnologies.iOSProofs-MVC-Sample";
				PRODUCT_NAME = "$(TARGET_NAME)";
				SWIFT_VERSION = 5.0;
				TARGETED_DEVICE_FAMILY = "1,2";
			};
			name = Debug;
		};
		CB8843BB245481C3007383AA /* Release */ = {
			isa = XCBuildConfiguration;
			buildSettings = {
				ASSETCATALOG_COMPILER_APPICON_NAME = AppIcon;
				CODE_SIGN_STYLE = Automatic;
				INFOPLIST_FILE = iOSProofs_MVC_Sample/Info.plist;
				LD_RUNPATH_SEARCH_PATHS = (
					"$(inherited)",
					"@executable_path/Frameworks",
				);
				PRODUCT_BUNDLE_IDENTIFIER = "ihubtechnologies.iOSProofs-MVC-Sample";
				PRODUCT_NAME = "$(TARGET_NAME)";
				SWIFT_VERSION = 5.0;
				TARGETED_DEVICE_FAMILY = "1,2";
			};
			name = Release;
		};
/* End XCBuildConfiguration section */

/* Begin XCConfigurationList section */
		CB8843A0245481C2007383AA /* Build configuration list for PBXProject "iOSProofs_MVC_Sample" */ = {
			isa = XCConfigurationList;
			buildConfigurations = (
				CB8843B7245481C3007383AA /* Debug */,
				CB8843B8245481C3007383AA /* Release */,
			);
			defaultConfigurationIsVisible = 0;
			defaultConfigurationName = Release;
		};
		CB8843B9245481C3007383AA /* Build configuration list for PBXNativeTarget "iOSProofs_MVC_Sample" */ = {
			isa = XCConfigurationList;
			buildConfigurations = (
				CB8843BA245481C3007383AA /* Debug */,
				CB8843BB245481C3007383AA /* Release */,
			);
			defaultConfigurationIsVisible = 0;
			defaultConfigurationName = Release;
		};
/* End XCConfigurationList section */
	};
	rootObject = CB88439D245481C2007383AA /* Project object */;
}
